<?xml version="1.0" encoding="utf-8"?>
<Project ToolsVersion="4.0" xmlns="http://schemas.microsoft.com/developer/msbuild/2003">
  <ItemGroup>
    <Filter Include="Resource Files">
      <UniqueIdentifier>{67DA6AB6-F800-4c08-8B7A-83BB121AAD01}</UniqueIdentifier>
      <Extensions>rc;ico;cur;bmp;dlg;rc2;rct;bin;rgs;gif;jpg;jpeg;jpe;resx;tiff;tif;png;wav;mfcribbon-ms</Extensions>
    </Filter>
    <Filter Include="SGD Wrappers">
      <UniqueIdentifier>{efcf94aa-3383-4231-821e-5ac68f9cbcd7}</UniqueIdentifier>
    </Filter>
    <Filter Include="Game Objects">
      <UniqueIdentifier>{7eaba937-f3f9-48d6-a0b7-c02eae70d3d6}</UniqueIdentifier>
    </Filter>
    <Filter Include="Managers">
      <UniqueIdentifier>{29f4c247-0ebf-47e9-a945-43f1839904f9}</UniqueIdentifier>
    </Filter>
    <Filter Include="Messages">
      <UniqueIdentifier>{8b5af297-87f0-4dd1-abe7-1444ce030dc9}</UniqueIdentifier>
    </Filter>
    <Filter Include="Game Core">
      <UniqueIdentifier>{c209ec01-b893-4f20-9616-5ffc78bef0b7}</UniqueIdentifier>
    </Filter>
    <Filter Include="Engines">
      <UniqueIdentifier>{b682ae03-8159-4ba6-bc4f-436127f40800}</UniqueIdentifier>
    </Filter>
    <Filter Include="TinyXML">
      <UniqueIdentifier>{4a009a88-6cbb-4b3c-879f-78f655af1fb9}</UniqueIdentifier>
    </Filter>
    <Filter Include="Quick Time">
      <UniqueIdentifier>{0a761906-5ec9-47d3-959e-4f72572195b1}</UniqueIdentifier>
    </Filter>
    <Filter Include="Runes">
      <UniqueIdentifier>{370f5d01-aab2-40bd-886a-d388ccfc8723}</UniqueIdentifier>
    </Filter>
    <Filter Include="GameStates">
      <UniqueIdentifier>{4b972936-6457-432d-a103-be85b26ecfc7}</UniqueIdentifier>
    </Filter>
    <Filter Include="Bitmap Font">
      <UniqueIdentifier>{17ff5a84-f78a-4a43-af96-21db7e4ccc64}</UniqueIdentifier>
    </Filter>
  </ItemGroup>
  <ItemGroup>
    <Text Include="ReadMe.txt" />
  </ItemGroup>
  <ItemGroup>
    <ClInclude Include="SGD Wrappers\SGD_AudioManager.h">
      <Filter>SGD Wrappers</Filter>
    </ClInclude>
    <ClInclude Include="SGD Wrappers\SGD_Color.h">
      <Filter>SGD Wrappers</Filter>
    </ClInclude>
    <ClInclude Include="SGD Wrappers\SGD_Declarations.h">
      <Filter>SGD Wrappers</Filter>
    </ClInclude>
    <ClInclude Include="SGD Wrappers\SGD_Event.h">
      <Filter>SGD Wrappers</Filter>
    </ClInclude>
    <ClInclude Include="SGD Wrappers\SGD_EventManager.h">
      <Filter>SGD Wrappers</Filter>
    </ClInclude>
    <ClInclude Include="SGD Wrappers\SGD_Geometry.h">
      <Filter>SGD Wrappers</Filter>
    </ClInclude>
    <ClInclude Include="SGD Wrappers\SGD_GraphicsManager.h">
      <Filter>SGD Wrappers</Filter>
    </ClInclude>
    <ClInclude Include="SGD Wrappers\SGD_Handle.h">
      <Filter>SGD Wrappers</Filter>
    </ClInclude>
    <ClInclude Include="SGD Wrappers\SGD_HandleManager.h">
      <Filter>SGD Wrappers</Filter>
    </ClInclude>
    <ClInclude Include="SGD Wrappers\SGD_HandleManager.hpp">
      <Filter>SGD Wrappers</Filter>
    </ClInclude>
    <ClInclude Include="SGD Wrappers\SGD_InputManager.h">
      <Filter>SGD Wrappers</Filter>
    </ClInclude>
    <ClInclude Include="SGD Wrappers\SGD_Key.h">
      <Filter>SGD Wrappers</Filter>
    </ClInclude>
    <ClInclude Include="SGD Wrappers\SGD_Listener.h">
      <Filter>SGD Wrappers</Filter>
    </ClInclude>
    <ClInclude Include="SGD Wrappers\SGD_Message.h">
      <Filter>SGD Wrappers</Filter>
    </ClInclude>
    <ClInclude Include="SGD Wrappers\SGD_MessageManager.h">
      <Filter>SGD Wrappers</Filter>
    </ClInclude>
    <ClInclude Include="SGD Wrappers\SGD_String.h">
      <Filter>SGD Wrappers</Filter>
    </ClInclude>
    <ClInclude Include="Resource.h" />
    <ClInclude Include="stdafx.h" />
    <ClInclude Include="targetver.h" />
    <ClInclude Include="Source\Game Objects\AnimatedObject.h">
      <Filter>Game Objects</Filter>
    </ClInclude>
    <ClInclude Include="Source\Game Objects\Chest.h">
      <Filter>Game Objects</Filter>
    </ClInclude>
    <ClInclude Include="Source\Game Objects\Companion.h">
      <Filter>Game Objects</Filter>
    </ClInclude>
    <ClInclude Include="Source\Game Objects\Enemy.h">
      <Filter>Game Objects</Filter>
    </ClInclude>
    <ClInclude Include="Source\Game Objects\FinalBoss.h">
      <Filter>Game Objects</Filter>
    </ClInclude>
    <ClInclude Include="Source\Game Objects\FireTrap.h">
      <Filter>Game Objects</Filter>
    </ClInclude>
    <ClInclude Include="Source\Game Objects\iObject.h">
      <Filter>Game Objects</Filter>
    </ClInclude>
    <ClInclude Include="Source\Game Objects\LevelBoss.h">
      <Filter>Game Objects</Filter>
    </ClInclude>
    <ClInclude Include="Source\Game Objects\MiniBoss.h">
      <Filter>Game Objects</Filter>
    </ClInclude>
    <ClInclude Include="Source\Game Objects\Minion.h">
      <Filter>Game Objects</Filter>
    </ClInclude>
    <ClInclude Include="Source\Game Objects\MovingObject.h">
      <Filter>Game Objects</Filter>
    </ClInclude>
    <ClInclude Include="Source\Game Objects\Object.h">
      <Filter>Game Objects</Filter>
    </ClInclude>
    <ClInclude Include="Source\Game Objects\Player.h">
      <Filter>Game Objects</Filter>
    </ClInclude>
    <ClInclude Include="Source\Game Objects\SpikeTrap.h">
      <Filter>Game Objects</Filter>
    </ClInclude>
    <ClInclude Include="Source\Game Objects\StaticObject.h">
      <Filter>Game Objects</Filter>
    </ClInclude>
    <ClInclude Include="Source\Game Objects\Trap.h">
      <Filter>Game Objects</Filter>
    </ClInclude>
    <ClInclude Include="Source\Managers\AnimationManager.h">
      <Filter>Managers</Filter>
    </ClInclude>
    <ClInclude Include="Source\Managers\ParticleManager.h">
      <Filter>Managers</Filter>
    </ClInclude>
    <ClInclude Include="Source\Managers\TileManager.h">
      <Filter>Managers</Filter>
    </ClInclude>
    <ClInclude Include="Source\Game Core\Game.h">
      <Filter>Game Core</Filter>
    </ClInclude>
    <ClInclude Include="Source\Game States\CreditState.h">
      <Filter>GameStates</Filter>
    </ClInclude>
    <ClInclude Include="Source\Game States\GameplayState.h">
      <Filter>GameStates</Filter>
    </ClInclude>
    <ClInclude Include="Source\Game States\IGameState.h">
      <Filter>GameStates</Filter>
    </ClInclude>
    <ClInclude Include="Source\Game States\MainMenuState.h">
      <Filter>GameStates</Filter>
    </ClInclude>
    <ClInclude Include="Source\Game States\OptionsState.h">
      <Filter>GameStates</Filter>
    </ClInclude>
    <ClInclude Include="Source\Messages\MessageID.h">
      <Filter>Messages</Filter>
    </ClInclude>
    <ClInclude Include="Source\TinyXML\tinystr.h">
      <Filter>TinyXML</Filter>
    </ClInclude>
    <ClInclude Include="Source\TinyXML\tinyxml.h">
      <Filter>TinyXML</Filter>
    </ClInclude>
    <ClInclude Include="Source\Runes\RuneManager.h">
      <Filter>Runes</Filter>
    </ClInclude>
    <ClInclude Include="Source\Quick Time\QuickTime.h">
      <Filter>Quick Time</Filter>
    </ClInclude>
    <ClInclude Include="Source\Runes\Runes.h">
      <Filter>Runes</Filter>
    </ClInclude>
    <ClInclude Include="Source\Engines\Animation.h">
      <Filter>Engines</Filter>
    </ClInclude>
    <ClInclude Include="Source\Engines\AnimationTimeStamp.h">
      <Filter>Engines</Filter>
    </ClInclude>
    <ClInclude Include="Source\Engines\Frame.h">
      <Filter>Engines</Filter>
    </ClInclude>
    <ClInclude Include="Source\Game States\InventoryState.h">
      <Filter>GameStates</Filter>
    </ClInclude>
    <ClInclude Include="Source\Managers\ObjectManager.h">
      <Filter>Managers</Filter>
    </ClInclude>
    <ClInclude Include="Source\Messages\DestroyObjectMessage.h">
      <Filter>Messages</Filter>
    </ClInclude>
    <ClInclude Include="Source\Game States\AnimationTestState.h">
      <Filter>GameStates</Filter>
    </ClInclude>
    <ClInclude Include="Source\Game States\HowToPlayState.h">
      <Filter>GameStates</Filter>
    </ClInclude>
    <ClInclude Include="Source\Bitmap Font\BitmapFont.h">
      <Filter>Bitmap Font</Filter>
    </ClInclude>
    <ClInclude Include="Source\Game States\PauseMenuState.h">
      <Filter>GameStates</Filter>
    </ClInclude>
    <ClInclude Include="Source\Game States\SplashScreenState.h">
      <Filter>GameStates</Filter>
    </ClInclude>
    <ClInclude Include="Source\Game States\CombatState.h">
      <Filter>GameStates</Filter>
    </ClInclude>
    <ClInclude Include="Source\Engines\Particle.h">
      <Filter>Engines</Filter>
    </ClInclude>
    <ClInclude Include="Source\Engines\Emitter.h">
      <Filter>Engines</Filter>
    </ClInclude>
    <ClInclude Include="Source\Game States\SaveandLoadState.h">
      <Filter>GameStates</Filter>
    </ClInclude>
    <ClInclude Include="Source\Game Objects\Boulder.h">
      <Filter>Game Objects</Filter>
    </ClInclude>
    <ClInclude Include="Source\Managers\BitmapFontManager.h">
      <Filter>Managers</Filter>
    </ClInclude>
    <ClInclude Include="Source\Game States\WinState.h">
      <Filter>GameStates</Filter>
    </ClInclude>
    <ClInclude Include="Source\Game States\DeathState.h">
      <Filter>GameStates</Filter>
    </ClInclude>
    <ClInclude Include="Source\Game States\ForgeState.h">
      <Filter>GameStates</Filter>
    </ClInclude>
    <ClInclude Include="Source\Engines\Dialog.h">
      <Filter>Engines</Filter>
    </ClInclude>
    <ClInclude Include="Source\Managers\DialogManager.h">
      <Filter>Managers</Filter>
    </ClInclude>
    <ClInclude Include="Source\Game States\QuickTimeState.h">
      <Filter>GameStates</Filter>
    </ClInclude>
  </ItemGroup>
  <ItemGroup>
    <ClCompile Include="SGD Wrappers\SGD_AudioManager.cpp">
      <Filter>SGD Wrappers</Filter>
    </ClCompile>
    <ClCompile Include="SGD Wrappers\SGD_Event.cpp">
      <Filter>SGD Wrappers</Filter>
    </ClCompile>
    <ClCompile Include="SGD Wrappers\SGD_EventManager.cpp">
      <Filter>SGD Wrappers</Filter>
    </ClCompile>
    <ClCompile Include="SGD Wrappers\SGD_Geometry.cpp">
      <Filter>SGD Wrappers</Filter>
    </ClCompile>
    <ClCompile Include="SGD Wrappers\SGD_GraphicsManager.cpp">
      <Filter>SGD Wrappers</Filter>
    </ClCompile>
    <ClCompile Include="SGD Wrappers\SGD_InputManager.cpp">
      <Filter>SGD Wrappers</Filter>
    </ClCompile>
    <ClCompile Include="SGD Wrappers\SGD_Listener.cpp">
      <Filter>SGD Wrappers</Filter>
    </ClCompile>
    <ClCompile Include="SGD Wrappers\SGD_Message.cpp">
      <Filter>SGD Wrappers</Filter>
    </ClCompile>
    <ClCompile Include="SGD Wrappers\SGD_MessageManager.cpp">
      <Filter>SGD Wrappers</Filter>
    </ClCompile>
    <ClCompile Include="stdafx.cpp" />
    <ClCompile Include="Source\Game Objects\AnimatedObject.cpp">
      <Filter>Game Objects</Filter>
    </ClCompile>
    <ClCompile Include="Source\Game Objects\Chest.cpp">
      <Filter>Game Objects</Filter>
    </ClCompile>
    <ClCompile Include="Source\Game Objects\Companion.cpp">
      <Filter>Game Objects</Filter>
    </ClCompile>
    <ClCompile Include="Source\Game Objects\Enemy.cpp">
      <Filter>Game Objects</Filter>
    </ClCompile>
    <ClCompile Include="Source\Game Objects\FinalBoss.cpp">
      <Filter>Game Objects</Filter>
    </ClCompile>
    <ClCompile Include="Source\Game Objects\FireTrap.cpp">
      <Filter>Game Objects</Filter>
    </ClCompile>
    <ClCompile Include="Source\Game Objects\LevelBoss.cpp">
      <Filter>Game Objects</Filter>
    </ClCompile>
    <ClCompile Include="Source\Game Objects\MiniBoss.cpp">
      <Filter>Game Objects</Filter>
    </ClCompile>
    <ClCompile Include="Source\Game Objects\Minion.cpp">
      <Filter>Game Objects</Filter>
    </ClCompile>
    <ClCompile Include="Source\Game Objects\MovingObject.cpp">
      <Filter>Game Objects</Filter>
    </ClCompile>
    <ClCompile Include="Source\Game Objects\Object.cpp">
      <Filter>Game Objects</Filter>
    </ClCompile>
    <ClCompile Include="Source\Game Objects\Player.cpp">
      <Filter>Game Objects</Filter>
    </ClCompile>
    <ClCompile Include="Source\Game Objects\SpikeTrap.cpp">
      <Filter>Game Objects</Filter>
    </ClCompile>
    <ClCompile Include="Source\Game Objects\StaticObject.cpp">
      <Filter>Game Objects</Filter>
    </ClCompile>
    <ClCompile Include="Source\Game Objects\Trap.cpp">
      <Filter>Game Objects</Filter>
    </ClCompile>
    <ClCompile Include="Source\Managers\AnimationManager.cpp">
      <Filter>Managers</Filter>
    </ClCompile>
    <ClCompile Include="Source\Managers\ParticleManager.cpp">
      <Filter>Managers</Filter>
    </ClCompile>
    <ClCompile Include="Source\Managers\TileManager.cpp">
      <Filter>Managers</Filter>
    </ClCompile>
    <ClCompile Include="Source\Game Core\Game.cpp">
      <Filter>Game Core</Filter>
    </ClCompile>
    <ClCompile Include="Source\Game Core\WinMain.cpp">
      <Filter>Game Core</Filter>
    </ClCompile>
    <ClCompile Include="Source\Game States\CreditState.cpp">
      <Filter>GameStates</Filter>
    </ClCompile>
    <ClCompile Include="Source\Game States\GameplayState.cpp">
      <Filter>GameStates</Filter>
    </ClCompile>
    <ClCompile Include="Source\Game States\MainMenuState.cpp">
      <Filter>GameStates</Filter>
    </ClCompile>
    <ClCompile Include="Source\Game States\OptionsState.cpp">
      <Filter>GameStates</Filter>
    </ClCompile>
    <ClCompile Include="Source\TinyXML\tinystr.cpp">
      <Filter>TinyXML</Filter>
    </ClCompile>
    <ClCompile Include="Source\TinyXML\tinyxml.cpp">
      <Filter>TinyXML</Filter>
    </ClCompile>
    <ClCompile Include="Source\TinyXML\tinyxmlerror.cpp">
      <Filter>TinyXML</Filter>
    </ClCompile>
    <ClCompile Include="Source\TinyXML\tinyxmlparser.cpp">
      <Filter>TinyXML</Filter>
    </ClCompile>
    <ClCompile Include="Source\Runes\RuneManager.cpp">
      <Filter>Runes</Filter>
    </ClCompile>
    <ClCompile Include="Source\Quick Time\QuickTime.cpp">
      <Filter>Quick Time</Filter>
    </ClCompile>
    <ClCompile Include="Source\Runes\Runes.cpp">
      <Filter>Runes</Filter>
    </ClCompile>
    <ClCompile Include="Source\Engines\Animation.cpp">
      <Filter>Engines</Filter>
    </ClCompile>
    <ClCompile Include="Source\Engines\AnimationTimeStamp.cpp">
      <Filter>Engines</Filter>
    </ClCompile>
    <ClCompile Include="Source\Engines\Frame.cpp">
      <Filter>Engines</Filter>
    </ClCompile>
    <ClCompile Include="Source\Game States\InventoryState.cpp">
      <Filter>GameStates</Filter>
    </ClCompile>
    <ClCompile Include="Source\Managers\ObjectManager.cpp">
      <Filter>Managers</Filter>
    </ClCompile>
    <ClCompile Include="Source\Messages\DestroyObjectMessage.cpp">
      <Filter>Messages</Filter>
    </ClCompile>
    <ClCompile Include="Source\Game States\AnimationTestState.cpp">
      <Filter>GameStates</Filter>
    </ClCompile>
    <ClCompile Include="Source\Game States\HowToPlayState.cpp">
      <Filter>GameStates</Filter>
    </ClCompile>
    <ClCompile Include="Source\Bitmap Font\BitmapFont.cpp">
      <Filter>Bitmap Font</Filter>
    </ClCompile>
    <ClCompile Include="Source\Game States\PauseMenuState.cpp">
      <Filter>GameStates</Filter>
    </ClCompile>
    <ClCompile Include="Source\Game States\SplashScreenState.cpp">
      <Filter>GameStates</Filter>
    </ClCompile>
    <ClCompile Include="Source\Game States\CombatState.cpp">
      <Filter>GameStates</Filter>
    </ClCompile>
    <ClCompile Include="Source\Engines\Emitter.cpp">
      <Filter>Engines</Filter>
    </ClCompile>
    <ClCompile Include="Source\Engines\Particle.cpp">
      <Filter>Engines</Filter>
    </ClCompile>
    <ClCompile Include="Source\Game States\SaveandLoadState.cpp">
      <Filter>GameStates</Filter>
    </ClCompile>
    <ClCompile Include="Source\Game Objects\Boulder.cpp">
      <Filter>Game Objects</Filter>
    </ClCompile>
    <ClCompile Include="Source\Managers\BitmapFontManager.cpp">
      <Filter>Managers</Filter>
    </ClCompile>
    <ClCompile Include="Source\Game States\WinState.cpp">
      <Filter>GameStates</Filter>
    </ClCompile>
    <ClCompile Include="Source\Game States\DeathState.cpp">
      <Filter>GameStates</Filter>
    </ClCompile>
    <ClCompile Include="Source\Game States\ForgeState.cpp">
      <Filter>GameStates</Filter>
    </ClCompile>
    <ClCompile Include="Source\Engines\Dialog.cpp">
      <Filter>Engines</Filter>
    </ClCompile>
    <ClCompile Include="Source\Managers\DialogManager.cpp">
      <Filter>Managers</Filter>
    </ClCompile>
    <ClCompile Include="Source\Game States\QuickTimeState.cpp">
      <Filter>GameStates</Filter>
    </ClCompile>
  </ItemGroup>
  <ItemGroup>
    <ResourceCompile Include="DestinyFalls.rc">
      <Filter>Resource Files</Filter>
    </ResourceCompile>
  </ItemGroup>
  <ItemGroup>
    <Image Include="small.ico">
      <Filter>Resource Files</Filter>
    </Image>
    <Image Include="DestinyFalls.ico">
      <Filter>Resource Files</Filter>
    </Image>
    <Image Include="icon1.ico">
      <Filter>Resource Files</Filter>
    </Image>
  </ItemGroup>
</Project>